
Microsoft Visual Studio Solution File, Format Version 12.00
# Visual Studio 2012
Project("{FAE04EC0-301F-11D3-BF4B-00C04F79EFBC}") = "RocketSplit.Droid", "RocketSplit.Droid\RocketSplit.Droid.csproj", "{EEC6EAD1-E704-4C04-9952-8A50BF2BB968}"
EndProject
Project("{FAE04EC0-301F-11D3-BF4B-00C04F79EFBC}") = "RocketSplit.Droid.UITests", "RocketSplit.Droid.UITests\RocketSplit.Droid.UITests.csproj", "{6AF54186-63FB-4ECD-ADA6-2B717B1DAB67}"
EndProject
Project("{FAE04EC0-301F-11D3-BF4B-00C04F79EFBC}") = "RocketSplit.Ios", "RocketSplit.Ios\RocketSplit.Ios.csproj", "{42F769CD-208B-4B19-ADB2-CF882E8764AD}"
EndProject
Project("{FAE04EC0-301F-11D3-BF4B-00C04F79EFBC}") = "RocketSplit_Mac", "RocketSplit_Mac\RocketSplit_Mac.csproj", "{3864F351-0AF6-4499-B2D5-30BC8193ADB2}"
EndProject
Global
	GlobalSection(SolutionConfigurationPlatforms) = preSolution
		Debug|Any CPU = Debug|Any CPU
		Release|Any CPU = Release|Any CPU
		Debug|iPhoneSimulator = Debug|iPhoneSimulator
		Release|iPhone = Release|iPhone
		Release|iPhoneSimulator = Release|iPhoneSimulator
		Debug|iPhone = Debug|iPhone
	EndGlobalSection
	GlobalSection(ProjectConfigurationPlatforms) = postSolution
		{3864F351-0AF6-4499-B2D5-30BC8193ADB2}.Debug|Any CPU.ActiveCfg = Debug|Any CPU
		{3864F351-0AF6-4499-B2D5-30BC8193ADB2}.Debug|Any CPU.Build.0 = Debug|Any CPU
		{3864F351-0AF6-4499-B2D5-30BC8193ADB2}.Debug|iPhone.ActiveCfg = Debug|Any CPU
		{3864F351-0AF6-4499-B2D5-30BC8193ADB2}.Debug|iPhone.Build.0 = Debug|Any CPU
		{3864F351-0AF6-4499-B2D5-30BC8193ADB2}.Debug|iPhoneSimulator.ActiveCfg = Debug|Any CPU
		{3864F351-0AF6-4499-B2D5-30BC8193ADB2}.Debug|iPhoneSimulator.Build.0 = Debug|Any CPU
		{3864F351-0AF6-4499-B2D5-30BC8193ADB2}.Release|Any CPU.ActiveCfg = Release|Any CPU
		{3864F351-0AF6-4499-B2D5-30BC8193ADB2}.Release|Any CPU.Build.0 = Release|Any CPU
		{3864F351-0AF6-4499-B2D5-30BC8193ADB2}.Release|iPhone.ActiveCfg = Release|Any CPU
		{3864F351-0AF6-4499-B2D5-30BC8193ADB2}.Release|iPhone.Build.0 = Release|Any CPU
		{3864F351-0AF6-4499-B2D5-30BC8193ADB2}.Release|iPhoneSimulator.ActiveCfg = Release|Any CPU
		{3864F351-0AF6-4499-B2D5-30BC8193ADB2}.Release|iPhoneSimulator.Build.0 = Release|Any CPU
		{42F769CD-208B-4B19-ADB2-CF882E8764AD}.Debug|Any CPU.ActiveCfg = Debug|iPhoneSimulator
		{42F769CD-208B-4B19-ADB2-CF882E8764AD}.Debug|Any CPU.Build.0 = Debug|iPhoneSimulator
		{42F769CD-208B-4B19-ADB2-CF882E8764AD}.Debug|iPhone.ActiveCfg = Debug|iPhone
		{42F769CD-208B-4B19-ADB2-CF882E8764AD}.Debug|iPhone.Build.0 = Debug|iPhone
		{42F769CD-208B-4B19-ADB2-CF882E8764AD}.Debug|iPhoneSimulator.ActiveCfg = Debug|iPhoneSimulator
		{42F769CD-208B-4B19-ADB2-CF882E8764AD}.Debug|iPhoneSimulator.Build.0 = Debug|iPhoneSimulator
		{42F769CD-208B-4B19-ADB2-CF882E8764AD}.Release|Any CPU.ActiveCfg = Release|iPhone
		{42F769CD-208B-4B19-ADB2-CF882E8764AD}.Release|Any CPU.Build.0 = Release|iPhone
		{42F769CD-208B-4B19-ADB2-CF882E8764AD}.Release|iPhone.ActiveCfg = Release|iPhone
		{42F769CD-208B-4B19-ADB2-CF882E8764AD}.Release|iPhone.Build.0 = Release|iPhone
		{42F769CD-208B-4B19-ADB2-CF882E8764AD}.Release|iPhoneSimulator.ActiveCfg = Release|iPhoneSimulator
		{42F769CD-208B-4B19-ADB2-CF882E8764AD}.Release|iPhoneSimulator.Build.0 = Release|iPhoneSimulator
		{6AF54186-63FB-4ECD-ADA6-2B717B1DAB67}.Debug|Any CPU.ActiveCfg = Debug|Any CPU
		{6AF54186-63FB-4ECD-ADA6-2B717B1DAB67}.Debug|Any CPU.Build.0 = Debug|Any CPU
		{6AF54186-63FB-4ECD-ADA6-2B717B1DAB67}.Debug|iPhone.ActiveCfg = Debug|Any CPU
		{6AF54186-63FB-4ECD-ADA6-2B717B1DAB67}.Debug|iPhone.Build.0 = Debug|Any CPU
		{6AF54186-63FB-4ECD-ADA6-2B717B1DAB67}.Debug|iPhoneSimulator.ActiveCfg = Debug|Any CPU
		{6AF54186-63FB-4ECD-ADA6-2B717B1DAB67}.Debug|iPhoneSimulator.Build.0 = Debug|Any CPU
		{6AF54186-63FB-4ECD-ADA6-2B717B1DAB67}.Release|Any CPU.ActiveCfg = Release|Any CPU
		{6AF54186-63FB-4ECD-ADA6-2B717B1DAB67}.Release|Any CPU.Build.0 = Release|Any CPU
		{6AF54186-63FB-4ECD-ADA6-2B717B1DAB67}.Release|iPhone.ActiveCfg = Release|Any CPU
		{6AF54186-63FB-4ECD-ADA6-2B717B1DAB67}.Release|iPhone.Build.0 = Release|Any CPU
		{6AF54186-63FB-4ECD-ADA6-2B717B1DAB67}.Release|iPhoneSimulator.ActiveCfg = Release|Any CPU
		{6AF54186-63FB-4ECD-ADA6-2B717B1DAB67}.Release|iPhoneSimulator.Build.0 = Release|Any CPU
		{EEC6EAD1-E704-4C04-9952-8A50BF2BB968}.Debug|Any CPU.ActiveCfg = Debug|Any CPU
		{EEC6EAD1-E704-4C04-9952-8A50BF2BB968}.Debug|Any CPU.Build.0 = Debug|Any CPU
		{EEC6EAD1-E704-4C04-9952-8A50BF2BB968}.Debug|iPhone.ActiveCfg = Debug|Any CPU
		{EEC6EAD1-E704-4C04-9952-8A50BF2BB968}.Debug|iPhone.Build.0 = Debug|Any CPU
		{EEC6EAD1-E704-4C04-9952-8A50BF2BB968}.Debug|iPhoneSimulator.ActiveCfg = Debug|Any CPU
		{EEC6EAD1-E704-4C04-9952-8A50BF2BB968}.Debug|iPhoneSimulator.Build.0 = Debug|Any CPU
		{EEC6EAD1-E704-4C04-9952-8A50BF2BB968}.Release|Any CPU.ActiveCfg = Release|Any CPU
		{EEC6EAD1-E704-4C04-9952-8A50BF2BB968}.Release|Any CPU.Build.0 = Release|Any CPU
		{EEC6EAD1-E704-4C04-9952-8A50BF2BB968}.Release|iPhone.ActiveCfg = Release|Any CPU
		{EEC6EAD1-E704-4C04-9952-8A50BF2BB968}.Release|iPhone.Build.0 = Release|Any CPU
		{EEC6EAD1-E704-4C04-9952-8A50BF2BB968}.Release|iPhoneSimulator.ActiveCfg = Release|Any CPU
		{EEC6EAD1-E704-4C04-9952-8A50BF2BB968}.Release|iPhoneSimulator.Build.0 = Release|Any CPU
	EndGlobalSection
EndGlobal
